// !$*UTF8*$!
{
	archiveVersion = 1;
	classes = {
	};
	objectVersion = 50;
	objects = {

/* Begin PBXBuildFile section */
		3672E02625AD941500E8D9A9 /* AppDelegate.m in Sources */ = {isa = PBXBuildFile; fileRef = 3672E02525AD941500E8D9A9 /* AppDelegate.m */; };
		3672E02925AD941500E8D9A9 /* SceneDelegate.m in Sources */ = {isa = PBXBuildFile; fileRef = 3672E02825AD941500E8D9A9 /* SceneDelegate.m */; };
		3672E02C25AD941500E8D9A9 /* ViewController.m in Sources */ = {isa = PBXBuildFile; fileRef = 3672E02B25AD941500E8D9A9 /* ViewController.m */; };
		3672E02F25AD941500E8D9A9 /* Main.storyboard in Resources */ = {isa = PBXBuildFile; fileRef = 3672E02D25AD941500E8D9A9 /* Main.storyboard */; };
		3672E03125AD941600E8D9A9 /* Assets.xcassets in Resources */ = {isa = PBXBuildFile; fileRef = 3672E03025AD941600E8D9A9 /* Assets.xcassets */; };
		3672E03425AD941600E8D9A9 /* LaunchScreen.storyboard in Resources */ = {isa = PBXBuildFile; fileRef = 3672E03225AD941600E8D9A9 /* LaunchScreen.storyboard */; };
		3672E03725AD941600E8D9A9 /* main.m in Sources */ = {isa = PBXBuildFile; fileRef = 3672E03625AD941600E8D9A9 /* main.m */; };
		36B1425A25AD9A4900E578D6 /* DLMediaUtils.framework in Frameworks */ = {isa = PBXBuildFile; fileRef = 3672E04325AD942600E8D9A9 /* DLMediaUtils.framework */; };
		36B1425B25AD9A4900E578D6 /* DLMediaUtils.framework in Embed Frameworks */ = {isa = PBXBuildFile; fileRef = 3672E04325AD942600E8D9A9 /* DLMediaUtils.framework */; settings = {ATTRIBUTES = (CodeSignOnCopy, RemoveHeadersOnCopy, ); }; };
		36B1428925ADB3C000E578D6 /* Apple.mp4 in Resources */ = {isa = PBXBuildFile; fileRef = 36B1428725ADB3C000E578D6 /* Apple.mp4 */; };
		36B1428A25ADB3C000E578D6 /* Apple.aac in Resources */ = {isa = PBXBuildFile; fileRef = 36B1428825ADB3C000E578D6 /* Apple.aac */; };
/* End PBXBuildFile section */

/* Begin PBXContainerItemProxy section */
		3672E04225AD942600E8D9A9 /* PBXContainerItemProxy */ = {
			isa = PBXContainerItemProxy;
			containerPortal = 3672E03E25AD942600E8D9A9 /* DLMediaUtils.xcodeproj */;
			proxyType = 2;
			remoteGlobalIDString = E4F0CD39253757A200F6C5F8;
			remoteInfo = DLMediaUtils;
		};
		3672E04625AD944B00E8D9A9 /* PBXContainerItemProxy */ = {
			isa = PBXContainerItemProxy;
			containerPortal = 3672E03E25AD942600E8D9A9 /* DLMediaUtils.xcodeproj */;
			proxyType = 1;
			remoteGlobalIDString = E4F0CD38253757A200F6C5F8;
			remoteInfo = DLMediaUtils;
		};
/* End PBXContainerItemProxy section */

/* Begin PBXCopyFilesBuildPhase section */
		36B1425C25AD9A4A00E578D6 /* Embed Frameworks */ = {
			isa = PBXCopyFilesBuildPhase;
			buildActionMask = 2147483647;
			dstPath = "";
			dstSubfolderSpec = 10;
			files = (
				36B1425B25AD9A4900E578D6 /* DLMediaUtils.framework in Embed Frameworks */,
			);
			name = "Embed Frameworks";
			runOnlyForDeploymentPostprocessing = 0;
		};
/* End PBXCopyFilesBuildPhase section */

/* Begin PBXFileReference section */
		3672E02125AD941500E8D9A9 /* Mp4Test.app */ = {isa = PBXFileReference; explicitFileType = wrapper.application; includeInIndex = 0; path = Mp4Test.app; sourceTree = BUILT_PRODUCTS_DIR; };
		3672E02425AD941500E8D9A9 /* AppDelegate.h */ = {isa = PBXFileReference; lastKnownFileType = sourcecode.c.h; path = AppDelegate.h; sourceTree = "<group>"; };
		3672E02525AD941500E8D9A9 /* AppDelegate.m */ = {isa = PBXFileReference; lastKnownFileType = sourcecode.c.objc; path = AppDelegate.m; sourceTree = "<group>"; };
		3672E02725AD941500E8D9A9 /* SceneDelegate.h */ = {isa = PBXFileReference; lastKnownFileType = sourcecode.c.h; path = SceneDelegate.h; sourceTree = "<group>"; };
		3672E02825AD941500E8D9A9 /* SceneDelegate.m */ = {isa = PBXFileReference; lastKnownFileType = sourcecode.c.objc; path = SceneDelegate.m; sourceTree = "<group>"; };
		3672E02A25AD941500E8D9A9 /* ViewController.h */ = {isa = PBXFileReference; lastKnownFileType = sourcecode.c.h; path = ViewController.h; sourceTree = "<group>"; };
		3672E02B25AD941500E8D9A9 /* ViewController.m */ = {isa = PBXFileReference; lastKnownFileType = sourcecode.c.objc; path = ViewController.m; sourceTree = "<group>"; };
		3672E02E25AD941500E8D9A9 /* Base */ = {isa = PBXFileReference; lastKnownFileType = file.storyboard; name = Base; path = Base.lproj/Main.storyboard; sourceTree = "<group>"; };
		3672E03025AD941600E8D9A9 /* Assets.xcassets */ = {isa = PBXFileReference; lastKnownFileType = folder.assetcatalog; path = Assets.xcassets; sourceTree = "<group>"; };
		3672E03325AD941600E8D9A9 /* Base */ = {isa = PBXFileReference; lastKnownFileType = file.storyboard; name = Base; path = Base.lproj/LaunchScreen.storyboard; sourceTree = "<group>"; };
		3672E03525AD941600E8D9A9 /* Info.plist */ = {isa = PBXFileReference; lastKnownFileType = text.plist.xml; path = Info.plist; sourceTree = "<group>"; };
		3672E03625AD941600E8D9A9 /* main.m */ = {isa = PBXFileReference; lastKnownFileType = sourcecode.c.objc; path = main.m; sourceTree = "<group>"; };
		3672E03E25AD942600E8D9A9 /* DLMediaUtils.xcodeproj */ = {isa = PBXFileReference; lastKnownFileType = "wrapper.pb-project"; name = DLMediaUtils.xcodeproj; path = DLMediaUtils/DLMediaUtils.xcodeproj; sourceTree = SOURCE_ROOT; };
		36B1428725ADB3C000E578D6 /* Apple.mp4 */ = {isa = PBXFileReference; lastKnownFileType = file; path = Apple.mp4; sourceTree = "<group>"; };
		36B1428825ADB3C000E578D6 /* Apple.aac */ = {isa = PBXFileReference; lastKnownFileType = file; path = Apple.aac; sourceTree = "<group>"; };
/* End PBXFileReference section */

/* Begin PBXFrameworksBuildPhase section */
		3672E01E25AD941500E8D9A9 /* Frameworks */ = {
			isa = PBXFrameworksBuildPhase;
			buildActionMask = 2147483647;
			files = (
				36B1425A25AD9A4900E578D6 /* DLMediaUtils.framework in Frameworks */,
			);
			runOnlyForDeploymentPostprocessing = 0;
		};
/* End PBXFrameworksBuildPhase section */

/* Begin PBXGroup section */
		3672E01825AD941500E8D9A9 = {
			isa = PBXGroup;
			children = (
				3672E02325AD941500E8D9A9 /* Mp4Test */,
				3672E02225AD941500E8D9A9 /* Products */,
				36B1425825AD9A4600E578D6 /* Frameworks */,
			);
			sourceTree = "<group>";
		};
		3672E02225AD941500E8D9A9 /* Products */ = {
			isa = PBXGroup;
			children = (
				3672E02125AD941500E8D9A9 /* Mp4Test.app */,
			);
			name = Products;
			sourceTree = "<group>";
		};
		3672E02325AD941500E8D9A9 /* Mp4Test */ = {
			isa = PBXGroup;
			children = (
				36B1425225AD98C500E578D6 /* TestMedia */,
				3672E03E25AD942600E8D9A9 /* DLMediaUtils.xcodeproj */,
				3672E02425AD941500E8D9A9 /* AppDelegate.h */,
				3672E02525AD941500E8D9A9 /* AppDelegate.m */,
				3672E02725AD941500E8D9A9 /* SceneDelegate.h */,
				3672E02825AD941500E8D9A9 /* SceneDelegate.m */,
				3672E02A25AD941500E8D9A9 /* ViewController.h */,
				3672E02B25AD941500E8D9A9 /* ViewController.m */,
				3672E02D25AD941500E8D9A9 /* Main.storyboard */,
				3672E03025AD941600E8D9A9 /* Assets.xcassets */,
				3672E03225AD941600E8D9A9 /* LaunchScreen.storyboard */,
				3672E03525AD941600E8D9A9 /* Info.plist */,
				3672E03625AD941600E8D9A9 /* main.m */,
			);
			path = Mp4Test;
			sourceTree = "<group>";
		};
		3672E03F25AD942600E8D9A9 /* Products */ = {
			isa = PBXGroup;
			children = (
				3672E04325AD942600E8D9A9 /* DLMediaUtils.framework */,
			);
			name = Products;
			sourceTree = "<group>";
		};
		36B1425225AD98C500E578D6 /* TestMedia */ = {
			isa = PBXGroup;
			children = (
				36B1428825ADB3C000E578D6 /* Apple.aac */,
				36B1428725ADB3C000E578D6 /* Apple.mp4 */,
			);
			path = TestMedia;
			sourceTree = "<group>";
		};
		36B1425825AD9A4600E578D6 /* Frameworks */ = {
			isa = PBXGroup;
			children = (
			);
			name = Frameworks;
			sourceTree = "<group>";
		};
/* End PBXGroup section */

/* Begin PBXNativeTarget section */
		3672E02025AD941500E8D9A9 /* Mp4Test */ = {
			isa = PBXNativeTarget;
			buildConfigurationList = 3672E03A25AD941600E8D9A9 /* Build configuration list for PBXNativeTarget "Mp4Test" */;
			buildPhases = (
				3672E01D25AD941500E8D9A9 /* Sources */,
				3672E01E25AD941500E8D9A9 /* Frameworks */,
				3672E01F25AD941500E8D9A9 /* Resources */,
				36B1425C25AD9A4A00E578D6 /* Embed Frameworks */,
			);
			buildRules = (
			);
			dependencies = (
				3672E04725AD944B00E8D9A9 /* PBXTargetDependency */,
			);
			name = Mp4Test;
			productName = Mp4Test;
			productReference = 3672E02125AD941500E8D9A9 /* Mp4Test.app */;
			productType = "com.apple.product-type.application";
		};
/* End PBXNativeTarget section */

/* Begin PBXProject section */
		3672E01925AD941500E8D9A9 /* Project object */ = {
			isa = PBXProject;
			attributes = {
				LastUpgradeCheck = 1220;
				TargetAttributes = {
					3672E02025AD941500E8D9A9 = {
						CreatedOnToolsVersion = 12.2;
					};
				};
			};
			buildConfigurationList = 3672E01C25AD941500E8D9A9 /* Build configuration list for PBXProject "Mp4Test" */;
			compatibilityVersion = "Xcode 9.3";
			developmentRegion = en;
			hasScannedForEncodings = 0;
			knownRegions = (
				en,
				Base,
			);
			mainGroup = 3672E01825AD941500E8D9A9;
			productRefGroup = 3672E02225AD941500E8D9A9 /* Products */;
			projectDirPath = "";
			projectReferences = (
				{
					ProductGroup = 3672E03F25AD942600E8D9A9 /* Products */;
					ProjectRef = 3672E03E25AD942600E8D9A9 /* DLMediaUtils.xcodeproj */;
				},
			);
			projectRoot = "";
			targets = (
				3672E02025AD941500E8D9A9 /* Mp4Test */,
			);
		};
/* End PBXProject section */

/* Begin PBXReferenceProxy section */
		3672E04325AD942600E8D9A9 /* DLMediaUtils.framework */ = {
			isa = PBXReferenceProxy;
			fileType = wrapper.framework;
			path = DLMediaUtils.framework;
			remoteRef = 3672E04225AD942600E8D9A9 /* PBXContainerItemProxy */;
			sourceTree = BUILT_PRODUCTS_DIR;
		};
/* End PBXReferenceProxy section */

/* Begin PBXResourcesBuildPhase section */
		3672E01F25AD941500E8D9A9 /* Resources */ = {
			isa = PBXResourcesBuildPhase;
			buildActionMask = 2147483647;
			files = (
				36B1428925ADB3C000E578D6 /* Apple.mp4 in Resources */,
				36B1428A25ADB3C000E578D6 /* Apple.aac in Resources */,
				3672E03425AD941600E8D9A9 /* LaunchScreen.storyboard in Resources */,
				3672E03125AD941600E8D9A9 /* Assets.xcassets in Resources */,
				3672E02F25AD941500E8D9A9 /* Main.storyboard in Resources */,
			);
			runOnlyForDeploymentPostprocessing = 0;
		};
/* End PBXResourcesBuildPhase section */

/* Begin PBXSourcesBuildPhase section */
		3672E01D25AD941500E8D9A9 /* Sources */ = {
			isa = PBXSourcesBuildPhase;
			buildActionMask = 2147483647;
			files = (
				3672E02C25AD941500E8D9A9 /* ViewController.m in Sources */,
				3672E02625AD941500E8D9A9 /* AppDelegate.m in Sources */,
				3672E03725AD941600E8D9A9 /* main.m in Sources */,
				3672E02925AD941500E8D9A9 /* SceneDelegate.m in Sources */,
			);
			runOnlyForDeploymentPostprocessing = 0;
		};
/* End PBXSourcesBuildPhase section */

/* Begin PBXTargetDependency section */
		3672E04725AD944B00E8D9A9 /* PBXTargetDependency */ = {
			isa = PBXTargetDependency;
			name = DLMediaUtils;
			targetProxy = 3672E04625AD944B00E8D9A9 /* PBXContainerItemProxy */;
		};
/* End PBXTargetDependency section */

/* Begin PBXVariantGroup section */
		3672E02D25AD941500E8D9A9 /* Main.storyboard */ = {
			isa = PBXVariantGroup;
			children = (
				3672E02E25AD941500E8D9A9 /* Base */,
			);
			name = Main.storyboard;
			sourceTree = "<group>";
		};
		3672E03225AD941600E8D9A9 /* LaunchScreen.storyboard */ = {
			isa = PBXVariantGroup;
			children = (
				3672E03325AD941600E8D9A9 /* Base */,
			);
			name = LaunchScreen.storyboard;
			sourceTree = "<group>";
		};
/* End PBXVariantGroup section */

/* Begin XCBuildConfiguration section */
		3672E03825AD941600E8D9A9 /* Debug */ = {
			isa = XCBuildConfiguration;
			buildSettings = {
				ALWAYS_SEARCH_USER_PATHS = NO;
				CLANG_ANALYZER_NONNULL = YES;
				CLANG_ANALYZER_NUMBER_OBJECT_CONVERSION = YES_AGGRESSIVE;
				CLANG_CXX_LANGUAGE_STANDARD = "gnu++14";
				CLANG_CXX_LIBRARY = "libc++";
				CLANG_ENABLE_MODULES = YES;
				CLANG_ENABLE_OBJC_ARC = YES;
				CLANG_ENABLE_OBJC_WEAK = YES;
				CLANG_WARN_BLOCK_CAPTURE_AUTORELEASING = YES;
				CLANG_WARN_BOOL_CONVERSION = YES;
				CLANG_WARN_COMMA = YES;
				CLANG_WARN_CONSTANT_CONVERSION = YES;
				CLANG_WARN_DEPRECATED_OBJC_IMPLEMENTATIONS = YES;
				CLANG_WARN_DIRECT_OBJC_ISA_USAGE = YES_ERROR;
				CLANG_WARN_DOCUMENTATION_COMMENTS = YES;
				CLANG_WARN_EMPTY_BODY = YES;
				CLANG_WARN_ENUM_CONVERSION = YES;
				CLANG_WARN_INFINITE_RECURSION = YES;
				CLANG_WARN_INT_CONVERSION = YES;
				CLANG_WARN_NON_LITERAL_NULL_CONVERSION = YES;
				CLANG_WARN_OBJC_IMPLICIT_RETAIN_SELF = YES;
				CLANG_WARN_OBJC_LITERAL_CONVERSION = YES;
				CLANG_WARN_OBJC_ROOT_CLASS = YES_ERROR;
				CLANG_WARN_QUOTED_INCLUDE_IN_FRAMEWORK_HEADER = YES;
				CLANG_WARN_RANGE_LOOP_ANALYSIS = YES;
				CLANG_WARN_STRICT_PROTOTYPES = YES;
				CLANG_WARN_SUSPICIOUS_MOVE = YES;
				CLANG_WARN_UNGUARDED_AVAILABILITY = YES_AGGRESSIVE;
				CLANG_WARN_UNREACHABLE_CODE = YES;
				CLANG_WARN__DUPLICATE_METHOD_MATCH = YES;
				COPY_PHASE_STRIP = NO;
				DEBUG_INFORMATION_FORMAT = dwarf;
				ENABLE_STRICT_OBJC_MSGSEND = YES;
				ENABLE_TESTABILITY = YES;
				GCC_C_LANGUAGE_STANDARD = gnu11;
				GCC_DYNAMIC_NO_PIC = NO;
				GCC_NO_COMMON_BLOCKS = YES;
				GCC_OPTIMIZATION_LEVEL = 0;
				GCC_PREPROCESSOR_DEFINITIONS = (
					"DEBUG=1",
					"$(inherited)",
				);
				GCC_WARN_64_TO_32_BIT_CONVERSION = YES;
				GCC_WARN_ABOUT_RETURN_TYPE = YES_ERROR;
				GCC_WARN_UNDECLARED_SELECTOR = YES;
				GCC_WARN_UNINITIALIZED_AUTOS = YES_AGGRESSIVE;
				GCC_WARN_UNUSED_FUNCTION = YES;
				GCC_WARN_UNUSED_VARIABLE = YES;
				IPHONEOS_DEPLOYMENT_TARGET = 14.2;
				MTL_ENABLE_DEBUG_INFO = INCLUDE_SOURCE;
				MTL_FAST_MATH = YES;
				ONLY_ACTIVE_ARCH = YES;
				SDKROOT = iphoneos;
			};
			name = Debug;
		};
		3672E03925AD941600E8D9A9 /* Release */ = {
			isa = XCBuildConfiguration;
			buildSettings = {
				ALWAYS_SEARCH_USER_PATHS = NO;
				CLANG_ANALYZER_NONNULL = YES;
				CLANG_ANALYZER_NUMBER_OBJECT_CONVERSION = YES_AGGRESSIVE;
				CLANG_CXX_LANGUAGE_STANDARD = "gnu++14";
				CLANG_CXX_LIBRARY = "libc++";
				CLANG_ENABLE_MODULES = YES;
				CLANG_ENABLE_OBJC_ARC = YES;
				CLANG_ENABLE_OBJC_WEAK = YES;
				CLANG_WARN_BLOCK_CAPTURE_AUTORELEASING = YES;
				CLANG_WARN_BOOL_CONVERSION = YES;
				CLANG_WARN_COMMA = YES;
				CLANG_WARN_CONSTANT_CONVERSION = YES;
				CLANG_WARN_DEPRECATED_OBJC_IMPLEMENTATIONS = YES;
				CLANG_WARN_DIRECT_OBJC_ISA_USAGE = YES_ERROR;
				CLANG_WARN_DOCUMENTATION_COMMENTS = YES;
				CLANG_WARN_EMPTY_BODY = YES;
				CLANG_WARN_ENUM_CONVERSION = YES;
				CLANG_WARN_INFINITE_RECURSION = YES;
				CLANG_WARN_INT_CONVERSION = YES;
				CLANG_WARN_NON_LITERAL_NULL_CONVERSION = YES;
				CLANG_WARN_OBJC_IMPLICIT_RETAIN_SELF = YES;
				CLANG_WARN_OBJC_LITERAL_CONVERSION = YES;
				CLANG_WARN_OBJC_ROOT_CLASS = YES_ERROR;
				CLANG_WARN_QUOTED_INCLUDE_IN_FRAMEWORK_HEADER = YES;
				CLANG_WARN_RANGE_LOOP_ANALYSIS = YES;
				CLANG_WARN_STRICT_PROTOTYPES = YES;
				CLANG_WARN_SUSPICIOUS_MOVE = YES;
				CLANG_WARN_UNGUARDED_AVAILABILITY = YES_AGGRESSIVE;
				CLANG_WARN_UNREACHABLE_CODE = YES;
				CLANG_WARN__DUPLICATE_METHOD_MATCH = YES;
				COPY_PHASE_STRIP = NO;
				DEBUG_INFORMATION_FORMAT = "dwarf-with-dsym";
				ENABLE_NS_ASSERTIONS = NO;
				ENABLE_STRICT_OBJC_MSGSEND = YES;
				GCC_C_LANGUAGE_STANDARD = gnu11;
				GCC_NO_COMMON_BLOCKS = YES;
				GCC_WARN_64_TO_32_BIT_CONVERSION = YES;
				GCC_WARN_ABOUT_RETURN_TYPE = YES_ERROR;
				GCC_WARN_UNDECLARED_SELECTOR = YES;
				GCC_WARN_UNINITIALIZED_AUTOS = YES_AGGRESSIVE;
				GCC_WARN_UNUSED_FUNCTION = YES;
				GCC_WARN_UNUSED_VARIABLE = YES;
				IPHONEOS_DEPLOYMENT_TARGET = 14.2;
				MTL_ENABLE_DEBUG_INFO = NO;
				MTL_FAST_MATH = YES;
				SDKROOT = iphoneos;
				VALIDATE_PRODUCT = YES;
			};
			name = Release;
		};
		3672E03B25AD941600E8D9A9 /* Debug */ = {
			isa = XCBuildConfiguration;
			buildSettings = {
				ASSETCATALOG_COMPILER_APPICON_NAME = AppIcon;
				ASSETCATALOG_COMPILER_GLOBAL_ACCENT_COLOR_NAME = AccentColor;
				CODE_SIGN_STYLE = Automatic;
				DEVELOPMENT_TEAM = F9E6VPNRYT;
				INFOPLIST_FILE = Mp4Test/Info.plist;
				IPHONEOS_DEPLOYMENT_TARGET = 13.0;
				LD_RUNPATH_SEARCH_PATHS = (
					"$(inherited)",
					"@executable_path/Frameworks",
				);
				PRODUCT_BUNDLE_IDENTIFIER = com.kaoji.Mp4Test;
				PRODUCT_NAME = "$(TARGET_NAME)";
				TARGETED_DEVICE_FAMILY = "1,2";
			};
			name = Debug;
		};
		3672E03C25AD941600E8D9A9 /* Release */ = {
			isa = XCBuildConfiguration;
			buildSettings = {
				ASSETCATALOG_COMPILER_APPICON_NAME = AppIcon;
				ASSETCATALOG_COMPILER_GLOBAL_ACCENT_COLOR_NAME = AccentColor;
				CODE_SIGN_STYLE = Automatic;
				DEVELOPMENT_TEAM = F9E6VPNRYT;
				INFOPLIST_FILE = Mp4Test/Info.plist;
				IPHONEOS_DEPLOYMENT_TARGET = 13.0;
				LD_RUNPATH_SEARCH_PATHS = (
					"$(inherited)",
					"@executable_path/Frameworks",
				);
				PRODUCT_BUNDLE_IDENTIFIER = com.kaoji.Mp4Test;
				PRODUCT_NAME = "$(TARGET_NAME)";
				TARGETED_DEVICE_FAMILY = "1,2";
			};
			name = Release;
		};
/* End XCBuildConfiguration section */

/* Begin XCConfigurationList section */
		3672E01C25AD941500E8D9A9 /* Build configuration list for PBXProject "Mp4Test" */ = {
			isa = XCConfigurationList;
			buildConfigurations = (
				3672E03825AD941600E8D9A9 /* Debug */,
				3672E03925AD941600E8D9A9 /* Release */,
			);
			defaultConfigurationIsVisible = 0;
			defaultConfigurationName = Release;
		};
		3672E03A25AD941600E8D9A9 /* Build configuration list for PBXNativeTarget "Mp4Test" */ = {
			isa = XCConfigurationList;
			buildConfigurations = (
				3672E03B25AD941600E8D9A9 /* Debug */,
				3672E03C25AD941600E8D9A9 /* Release */,
			);
			defaultConfigurationIsVisible = 0;
			defaultConfigurationName = Release;
		};
/* End XCConfigurationList section */
	};
	rootObject = 3672E01925AD941500E8D9A9 /* Project object */;
}
